// !$*UTF8*$!
{
	archiveVersion = 1;
	classes = {
	};
	objectVersion = 46;
	objects = {

/* Begin PBXBuildFile section */
		A21D79BD15F6BB8D007DF073 /* GameKit.framework in Frameworks */ = {isa = PBXBuildFile; fileRef = A21D79BC15F6BB8D007DF073 /* GameKit.framework */; };
		A21D79C115F6D69C007DF073 /* Player.m in Sources */ = {isa = PBXBuildFile; fileRef = A21D79C015F6D69C007DF073 /* Player.m */; };
		A21D79C515F7D158007DF073 /* StartScreenViewController.m in Sources */ = {isa = PBXBuildFile; fileRef = A21D79C315F7D158007DF073 /* StartScreenViewController.m */; };
		A21D79C615F7D158007DF073 /* StartScreenViewController.xib in Resources */ = {isa = PBXBuildFile; fileRef = A21D79C415F7D158007DF073 /* StartScreenViewController.xib */; };
		A2F7EEE615F52C1A0093CC3B /* UIKit.framework in Frameworks */ = {isa = PBXBuildFile; fileRef = A2F7EEE515F52C1A0093CC3B /* UIKit.framework */; };
		A2F7EEE815F52C1A0093CC3B /* Foundation.framework in Frameworks */ = {isa = PBXBuildFile; fileRef = A2F7EEE715F52C1A0093CC3B /* Foundation.framework */; };
		A2F7EEEA15F52C1A0093CC3B /* CoreGraphics.framework in Frameworks */ = {isa = PBXBuildFile; fileRef = A2F7EEE915F52C1A0093CC3B /* CoreGraphics.framework */; };
		A2F7EEF015F52C1A0093CC3B /* InfoPlist.strings in Resources */ = {isa = PBXBuildFile; fileRef = A2F7EEEE15F52C1A0093CC3B /* InfoPlist.strings */; };
		A2F7EEF215F52C1A0093CC3B /* main.m in Sources */ = {isa = PBXBuildFile; fileRef = A2F7EEF115F52C1A0093CC3B /* main.m */; };
		A2F7EEF615F52C1A0093CC3B /* LabrynThingAppDelegate.m in Sources */ = {isa = PBXBuildFile; fileRef = A2F7EEF515F52C1A0093CC3B /* LabrynThingAppDelegate.m */; };
		A2F7EEFD15F52CD20093CC3B /* CoreMotion.framework in Frameworks */ = {isa = PBXBuildFile; fileRef = A2F7EEFC15F52CD20093CC3B /* CoreMotion.framework */; };
		A2F7EF0015F52D160093CC3B /* MazeView.m in Sources */ = {isa = PBXBuildFile; fileRef = A2F7EEFF15F52D160093CC3B /* MazeView.m */; };
		A2F7EF0415F52D490093CC3B /* GameViewController.m in Sources */ = {isa = PBXBuildFile; fileRef = A2F7EF0215F52D490093CC3B /* GameViewController.m */; };
		A2F7EF0B15F558770093CC3B /* QuartzCore.framework in Frameworks */ = {isa = PBXBuildFile; fileRef = A2F7EF0A15F558770093CC3B /* QuartzCore.framework */; };
		A2F7EF0E15F559C20093CC3B /* Ball.m in Sources */ = {isa = PBXBuildFile; fileRef = A2F7EF0D15F559C20093CC3B /* Ball.m */; };
		A2F7EF1115F590530093CC3B /* WinBox.m in Sources */ = {isa = PBXBuildFile; fileRef = A2F7EF1015F590530093CC3B /* WinBox.m */; };
/* End PBXBuildFile section */

/* Begin PBXFileReference section */
		A21D79BC15F6BB8D007DF073 /* GameKit.framework */ = {isa = PBXFileReference; lastKnownFileType = wrapper.framework; name = GameKit.framework; path = System/Library/Frameworks/GameKit.framework; sourceTree = SDKROOT; };
		A21D79BF15F6D69C007DF073 /* Player.h */ = {isa = PBXFileReference; fileEncoding = 4; lastKnownFileType = sourcecode.c.h; path = Player.h; sourceTree = "<group>"; };
		A21D79C015F6D69C007DF073 /* Player.m */ = {isa = PBXFileReference; fileEncoding = 4; lastKnownFileType = sourcecode.c.objc; path = Player.m; sourceTree = "<group>"; };
		A21D79C215F7D158007DF073 /* StartScreenViewController.h */ = {isa = PBXFileReference; fileEncoding = 4; lastKnownFileType = sourcecode.c.h; path = StartScreenViewController.h; sourceTree = "<group>"; };
		A21D79C315F7D158007DF073 /* StartScreenViewController.m */ = {isa = PBXFileReference; fileEncoding = 4; lastKnownFileType = sourcecode.c.objc; path = StartScreenViewController.m; sourceTree = "<group>"; };
		A21D79C415F7D158007DF073 /* StartScreenViewController.xib */ = {isa = PBXFileReference; fileEncoding = 4; lastKnownFileType = file.xib; path = StartScreenViewController.xib; sourceTree = "<group>"; };
		A2F7EEE115F52C1A0093CC3B /* LabrynThing.app */ = {isa = PBXFileReference; explicitFileType = wrapper.application; includeInIndex = 0; path = LabrynThing.app; sourceTree = BUILT_PRODUCTS_DIR; };
		A2F7EEE515F52C1A0093CC3B /* UIKit.framework */ = {isa = PBXFileReference; lastKnownFileType = wrapper.framework; name = UIKit.framework; path = System/Library/Frameworks/UIKit.framework; sourceTree = SDKROOT; };
		A2F7EEE715F52C1A0093CC3B /* Foundation.framework */ = {isa = PBXFileReference; lastKnownFileType = wrapper.framework; name = Foundation.framework; path = System/Library/Frameworks/Foundation.framework; sourceTree = SDKROOT; };
		A2F7EEE915F52C1A0093CC3B /* CoreGraphics.framework */ = {isa = PBXFileReference; lastKnownFileType = wrapper.framework; name = CoreGraphics.framework; path = System/Library/Frameworks/CoreGraphics.framework; sourceTree = SDKROOT; };
		A2F7EEED15F52C1A0093CC3B /* LabrynThing-Info.plist */ = {isa = PBXFileReference; lastKnownFileType = text.plist.xml; path = "LabrynThing-Info.plist"; sourceTree = "<group>"; };
		A2F7EEEF15F52C1A0093CC3B /* en */ = {isa = PBXFileReference; lastKnownFileType = text.plist.strings; name = en; path = en.lproj/InfoPlist.strings; sourceTree = "<group>"; };
		A2F7EEF115F52C1A0093CC3B /* main.m */ = {isa = PBXFileReference; lastKnownFileType = sourcecode.c.objc; path = main.m; sourceTree = "<group>"; };
		A2F7EEF315F52C1A0093CC3B /* LabrynThing-Prefix.pch */ = {isa = PBXFileReference; lastKnownFileType = sourcecode.c.h; path = "LabrynThing-Prefix.pch"; sourceTree = "<group>"; };
		A2F7EEF415F52C1A0093CC3B /* LabrynThingAppDelegate.h */ = {isa = PBXFileReference; lastKnownFileType = sourcecode.c.h; path = LabrynThingAppDelegate.h; sourceTree = "<group>"; };
		A2F7EEF515F52C1A0093CC3B /* LabrynThingAppDelegate.m */ = {isa = PBXFileReference; lastKnownFileType = sourcecode.c.objc; path = LabrynThingAppDelegate.m; sourceTree = "<group>"; };
		A2F7EEFC15F52CD20093CC3B /* CoreMotion.framework */ = {isa = PBXFileReference; lastKnownFileType = wrapper.framework; name = CoreMotion.framework; path = System/Library/Frameworks/CoreMotion.framework; sourceTree = SDKROOT; };
		A2F7EEFE15F52D160093CC3B /* MazeView.h */ = {isa = PBXFileReference; fileEncoding = 4; lastKnownFileType = sourcecode.c.h; path = MazeView.h; sourceTree = "<group>"; };
		A2F7EEFF15F52D160093CC3B /* MazeView.m */ = {isa = PBXFileReference; fileEncoding = 4; lastKnownFileType = sourcecode.c.objc; path = MazeView.m; sourceTree = "<group>"; };
		A2F7EF0115F52D490093CC3B /* GameViewController.h */ = {isa = PBXFileReference; fileEncoding = 4; lastKnownFileType = sourcecode.c.h; path = GameViewController.h; sourceTree = "<group>"; };
		A2F7EF0215F52D490093CC3B /* GameViewController.m */ = {isa = PBXFileReference; fileEncoding = 4; lastKnownFileType = sourcecode.c.objc; path = GameViewController.m; sourceTree = "<group>"; };
		A2F7EF0A15F558770093CC3B /* QuartzCore.framework */ = {isa = PBXFileReference; lastKnownFileType = wrapper.framework; name = QuartzCore.framework; path = System/Library/Frameworks/QuartzCore.framework; sourceTree = SDKROOT; };
		A2F7EF0C15F559C10093CC3B /* Ball.h */ = {isa = PBXFileReference; fileEncoding = 4; lastKnownFileType = sourcecode.c.h; path = Ball.h; sourceTree = "<group>"; };
		A2F7EF0D15F559C20093CC3B /* Ball.m */ = {isa = PBXFileReference; fileEncoding = 4; lastKnownFileType = sourcecode.c.objc; path = Ball.m; sourceTree = "<group>"; };
		A2F7EF0F15F590520093CC3B /* WinBox.h */ = {isa = PBXFileReference; fileEncoding = 4; lastKnownFileType = sourcecode.c.h; path = WinBox.h; sourceTree = "<group>"; };
		A2F7EF1015F590530093CC3B /* WinBox.m */ = {isa = PBXFileReference; fileEncoding = 4; lastKnownFileType = sourcecode.c.objc; path = WinBox.m; sourceTree = "<group>"; };
/* End PBXFileReference section */

/* Begin PBXFrameworksBuildPhase section */
		A2F7EEDE15F52C1A0093CC3B /* Frameworks */ = {
			isa = PBXFrameworksBuildPhase;
			buildActionMask = 2147483647;
			files = (
				A21D79BD15F6BB8D007DF073 /* GameKit.framework in Frameworks */,
				A2F7EF0B15F558770093CC3B /* QuartzCore.framework in Frameworks */,
				A2F7EEFD15F52CD20093CC3B /* CoreMotion.framework in Frameworks */,
				A2F7EEE615F52C1A0093CC3B /* UIKit.framework in Frameworks */,
				A2F7EEE815F52C1A0093CC3B /* Foundation.framework in Frameworks */,
				A2F7EEEA15F52C1A0093CC3B /* CoreGraphics.framework in Frameworks */,
			);
			runOnlyForDeploymentPostprocessing = 0;
		};
/* End PBXFrameworksBuildPhase section */

/* Begin PBXGroup section */
		A2F7EED615F52C1A0093CC3B = {
			isa = PBXGroup;
			children = (
				A2F7EEEB15F52C1A0093CC3B /* LabrynThing */,
				A2F7EEE415F52C1A0093CC3B /* Frameworks */,
				A2F7EEE215F52C1A0093CC3B /* Products */,
			);
			sourceTree = "<group>";
		};
		A2F7EEE215F52C1A0093CC3B /* Products */ = {
			isa = PBXGroup;
			children = (
				A2F7EEE115F52C1A0093CC3B /* LabrynThing.app */,
			);
			name = Products;
			sourceTree = "<group>";
		};
		A2F7EEE415F52C1A0093CC3B /* Frameworks */ = {
			isa = PBXGroup;
			children = (
				A21D79BC15F6BB8D007DF073 /* GameKit.framework */,
				A2F7EF0A15F558770093CC3B /* QuartzCore.framework */,
				A2F7EEFC15F52CD20093CC3B /* CoreMotion.framework */,
				A2F7EEE515F52C1A0093CC3B /* UIKit.framework */,
				A2F7EEE715F52C1A0093CC3B /* Foundation.framework */,
				A2F7EEE915F52C1A0093CC3B /* CoreGraphics.framework */,
			);
			name = Frameworks;
			sourceTree = "<group>";
		};
		A2F7EEEB15F52C1A0093CC3B /* LabrynThing */ = {
			isa = PBXGroup;
			children = (
				A2F7EEF415F52C1A0093CC3B /* LabrynThingAppDelegate.h */,
				A2F7EEF515F52C1A0093CC3B /* LabrynThingAppDelegate.m */,
				A2F7EF0C15F559C10093CC3B /* Ball.h */,
				A2F7EF0D15F559C20093CC3B /* Ball.m */,
				A2F7EF0F15F590520093CC3B /* WinBox.h */,
				A2F7EF1015F590530093CC3B /* WinBox.m */,
				A2F7EEFE15F52D160093CC3B /* MazeView.h */,
				A2F7EEFF15F52D160093CC3B /* MazeView.m */,
				A21D79BF15F6D69C007DF073 /* Player.h */,
				A21D79C015F6D69C007DF073 /* Player.m */,
				A21D79C215F7D158007DF073 /* StartScreenViewController.h */,
				A21D79C315F7D158007DF073 /* StartScreenViewController.m */,
				A21D79C415F7D158007DF073 /* StartScreenViewController.xib */,
				A2F7EF0115F52D490093CC3B /* GameViewController.h */,
				A2F7EF0215F52D490093CC3B /* GameViewController.m */,
				A2F7EEEC15F52C1A0093CC3B /* Supporting Files */,
			);
			path = LabrynThing;
			sourceTree = "<group>";
		};
		A2F7EEEC15F52C1A0093CC3B /* Supporting Files */ = {
			isa = PBXGroup;
			children = (
				A2F7EEED15F52C1A0093CC3B /* LabrynThing-Info.plist */,
				A2F7EEEE15F52C1A0093CC3B /* InfoPlist.strings */,
				A2F7EEF115F52C1A0093CC3B /* main.m */,
				A2F7EEF315F52C1A0093CC3B /* LabrynThing-Prefix.pch */,
			);
			name = "Supporting Files";
			sourceTree = "<group>";
		};
/* End PBXGroup section */

/* Begin PBXNativeTarget section */
		A2F7EEE015F52C1A0093CC3B /* LabrynThing */ = {
			isa = PBXNativeTarget;
			buildConfigurationList = A2F7EEF915F52C1A0093CC3B /* Build configuration list for PBXNativeTarget "LabrynThing" */;
			buildPhases = (
				A2F7EEDD15F52C1A0093CC3B /* Sources */,
				A2F7EEDE15F52C1A0093CC3B /* Frameworks */,
				A2F7EEDF15F52C1A0093CC3B /* Resources */,
			);
			buildRules = (
			);
			dependencies = (
			);
			name = LabrynThing;
			productName = LabrynThing;
			productReference = A2F7EEE115F52C1A0093CC3B /* LabrynThing.app */;
			productType = "com.apple.product-type.application";
		};
/* End PBXNativeTarget section */

/* Begin PBXProject section */
		A2F7EED815F52C1A0093CC3B /* Project object */ = {
			isa = PBXProject;
			attributes = {
				CLASSPREFIX = LabrynThing;
				LastUpgradeCheck = 0440;
				ORGANIZATIONNAME = burnOffBabes;
			};
			buildConfigurationList = A2F7EEDB15F52C1A0093CC3B /* Build configuration list for PBXProject "LabrynThing" */;
			compatibilityVersion = "Xcode 3.2";
			developmentRegion = English;
			hasScannedForEncodings = 0;
			knownRegions = (
				en,
			);
			mainGroup = A2F7EED615F52C1A0093CC3B;
			productRefGroup = A2F7EEE215F52C1A0093CC3B /* Products */;
			projectDirPath = "";
			projectRoot = "";
			targets = (
				A2F7EEE015F52C1A0093CC3B /* LabrynThing */,
			);
		};
/* End PBXProject section */

/* Begin PBXResourcesBuildPhase section */
		A2F7EEDF15F52C1A0093CC3B /* Resources */ = {
			isa = PBXResourcesBuildPhase;
			buildActionMask = 2147483647;
			files = (
				A2F7EEF015F52C1A0093CC3B /* InfoPlist.strings in Resources */,
				A21D79C615F7D158007DF073 /* StartScreenViewController.xib in Resources */,
			);
			runOnlyForDeploymentPostprocessing = 0;
		};
/* End PBXResourcesBuildPhase section */

/* Begin PBXSourcesBuildPhase section */
		A2F7EEDD15F52C1A0093CC3B /* Sources */ = {
			isa = PBXSourcesBuildPhase;
			buildActionMask = 2147483647;
			files = (
				A2F7EEF215F52C1A0093CC3B /* main.m in Sources */,
				A2F7EEF615F52C1A0093CC3B /* LabrynThingAppDelegate.m in Sources */,
				A2F7EF0015F52D160093CC3B /* MazeView.m in Sources */,
				A2F7EF0415F52D490093CC3B /* GameViewController.m in Sources */,
				A2F7EF0E15F559C20093CC3B /* Ball.m in Sources */,
				A2F7EF1115F590530093CC3B /* WinBox.m in Sources */,
				A21D79C115F6D69C007DF073 /* Player.m in Sources */,
				A21D79C515F7D158007DF073 /* StartScreenViewController.m in Sources */,
			);
			runOnlyForDeploymentPostprocessing = 0;
		};
/* End PBXSourcesBuildPhase section */

/* Begin PBXVariantGroup section */
		A2F7EEEE15F52C1A0093CC3B /* InfoPlist.strings */ = {
			isa = PBXVariantGroup;
			children = (
				A2F7EEEF15F52C1A0093CC3B /* en */,
			);
			name = InfoPlist.strings;
			sourceTree = "<group>";
		};
/* End PBXVariantGroup section */

/* Begin XCBuildConfiguration section */
		A2F7EEF715F52C1A0093CC3B /* Debug */ = {
			isa = XCBuildConfiguration;
			buildSettings = {
				ALWAYS_SEARCH_USER_PATHS = NO;
				ARCHS = "$(ARCHS_STANDARD_32_BIT)";
				CLANG_CXX_LANGUAGE_STANDARD = "gnu++0x";
				CLANG_ENABLE_OBJC_ARC = YES;
				CLANG_WARN__DUPLICATE_METHOD_MATCH = YES;
				"CODE_SIGN_IDENTITY[sdk=iphoneos*]" = "iPhone Developer";
				COPY_PHASE_STRIP = NO;
				GCC_C_LANGUAGE_STANDARD = gnu99;
				GCC_DYNAMIC_NO_PIC = NO;
				GCC_OPTIMIZATION_LEVEL = 0;
				GCC_PREPROCESSOR_DEFINITIONS = (
					"DEBUG=1",
					"$(inherited)",
				);
				GCC_SYMBOLS_PRIVATE_EXTERN = NO;
				GCC_VERSION = com.apple.compilers.llvm.clang.1_0;
				GCC_WARN_ABOUT_RETURN_TYPE = YES;
				GCC_WARN_UNINITIALIZED_AUTOS = YES;
				GCC_WARN_UNUSED_VARIABLE = YES;
				IPHONEOS_DEPLOYMENT_TARGET = 5.1;
				SDKROOT = iphoneos;
			};
			name = Debug;
		};
		A2F7EEF815F52C1A0093CC3B /* Release */ = {
			isa = XCBuildConfiguration;
			buildSettings = {
				ALWAYS_SEARCH_USER_PATHS = NO;
				ARCHS = "$(ARCHS_STANDARD_32_BIT)";
				CLANG_CXX_LANGUAGE_STANDARD = "gnu++0x";
				CLANG_ENABLE_OBJC_ARC = YES;
				CLANG_WARN__DUPLICATE_METHOD_MATCH = YES;
				"CODE_SIGN_IDENTITY[sdk=iphoneos*]" = "iPhone Developer";
				COPY_PHASE_STRIP = YES;
				GCC_C_LANGUAGE_STANDARD = gnu99;
				GCC_VERSION = com.apple.compilers.llvm.clang.1_0;
				GCC_WARN_ABOUT_RETURN_TYPE = YES;
				GCC_WARN_UNINITIALIZED_AUTOS = YES;
				GCC_WARN_UNUSED_VARIABLE = YES;
				IPHONEOS_DEPLOYMENT_TARGET = 5.1;
				OTHER_CFLAGS = "-DNS_BLOCK_ASSERTIONS=1";
				SDKROOT = iphoneos;
				VALIDATE_PRODUCT = YES;
			};
			name = Release;
		};
		A2F7EEFA15F52C1A0093CC3B /* Debug */ = {
			isa = XCBuildConfiguration;
			buildSettings = {
				GCC_PRECOMPILE_PREFIX_HEADER = YES;
				GCC_PREFIX_HEADER = "LabrynThing/LabrynThing-Prefix.pch";
				INFOPLIST_FILE = "LabrynThing/LabrynThing-Info.plist";
				PRODUCT_NAME = "$(TARGET_NAME)";
				WRAPPER_EXTENSION = app;
			};
			name = Debug;
		};
		A2F7EEFB15F52C1A0093CC3B /* Release */ = {
			isa = XCBuildConfiguration;
			buildSettings = {
				GCC_PRECOMPILE_PREFIX_HEADER = YES;
				GCC_PREFIX_HEADER = "LabrynThing/LabrynThing-Prefix.pch";
				INFOPLIST_FILE = "LabrynThing/LabrynThing-Info.plist";
				PRODUCT_NAME = "$(TARGET_NAME)";
				WRAPPER_EXTENSION = app;
			};
			name = Release;
		};
/* End XCBuildConfiguration section */

/* Begin XCConfigurationList section */
		A2F7EEDB15F52C1A0093CC3B /* Build configuration list for PBXProject "LabrynThing" */ = {
			isa = XCConfigurationList;
			buildConfigurations = (
				A2F7EEF715F52C1A0093CC3B /* Debug */,
				A2F7EEF815F52C1A0093CC3B /* Release */,
			);
			defaultConfigurationIsVisible = 0;
			defaultConfigurationName = Release;
		};
		A2F7EEF915F52C1A0093CC3B /* Build configuration list for PBXNativeTarget "LabrynThing" */ = {
			isa = XCConfigurationList;
			buildConfigurations = (
				A2F7EEFA15F52C1A0093CC3B /* Debug */,
				A2F7EEFB15F52C1A0093CC3B /* Release */,
			);
			defaultConfigurationIsVisible = 0;
			defaultConfigurationName = Release;
		};
/* End XCConfigurationList section */
	};
	rootObject = A2F7EED815F52C1A0093CC3B /* Project object */;
}
